
Microsoft Visual Studio Solution File, Format Version 12.00
# Visual Studio Version 17
VisualStudioVersion = 17.3.32929.385
MinimumVisualStudioVersion = 10.0.40219.1
Project("{2150E333-8FDC-42A3-9474-1A3956D46DE8}") = "01-Presentation", "01-Presentation", "{7A48C3F0-3932-4834-9C5E-6826A92CC473}"
EndProject
Project("{2150E333-8FDC-42A3-9474-1A3956D46DE8}") = "02-Domain", "02-Domain", "{7CB191CD-8AF7-4166-929F-1A5D0EE98072}"
EndProject
Project("{2150E333-8FDC-42A3-9474-1A3956D46DE8}") = "03-Presistence", "03-Presistence", "{0A7715A0-2ED1-4DBF-86B1-8846B3F70CA5}"
EndProject
Project("{2150E333-8FDC-42A3-9474-1A3956D46DE8}") = "04-Infrastructure", "04-Infrastructure", "{CA5D4202-FDCF-4D0C-8E02-5A6034983AE4}"
EndProject
Project("{9A19103F-16F7-4668-BE54-9A1E7A4F7556}") = "BCMCH.OTM.API", "BCMCH.OTM.API\BCMCH.OTM.API.csproj", "{95CEF789-7C63-4CDF-83CB-03B971D24D61}"
EndProject
Project("{9A19103F-16F7-4668-BE54-9A1E7A4F7556}") = "BCMCH.OTM.Domain.Contract", "BCMCH.OTM.Domain.Contract\BCMCH.OTM.Domain.Contract.csproj", "{2E8F0792-3C16-4414-B29C-E718DC4BD247}"
EndProject
Project("{9A19103F-16F7-4668-BE54-9A1E7A4F7556}") = "BCMCH.OTM.Domain", "BCMCH.OTM.Domain\BCMCH.OTM.Domain.csproj", "{B0C1C928-79D2-4D5B-A938-C2BB5F5D4D3B}"
EndProject
Project("{9A19103F-16F7-4668-BE54-9A1E7A4F7556}") = "BCMCH.OTM.Data", "BCMCH.OTM.Data\BCMCH.OTM.Data.csproj", "{40520C9F-1ACA-4788-98A3-40BEE5C0A36E}"
EndProject
Project("{9A19103F-16F7-4668-BE54-9A1E7A4F7556}") = "BCMCH.OTM.Data.Contract", "BCMCH.OTM.Data.Contract\BCMCH.OTM.Data.Contract.csproj", "{41061217-6CF3-4E1C-9587-7E01FF51E1EC}"
EndProject
Project("{9A19103F-16F7-4668-BE54-9A1E7A4F7556}") = "BCMCH.OTM.Infrastucture", "BCMCH.OTM.Infrastucture\BCMCH.OTM.Infrastucture.csproj", "{D63C932F-BB88-4478-9FBB-CF76DF7F37AA}"
EndProject
Project("{9A19103F-16F7-4668-BE54-9A1E7A4F7556}") = "BCMCH.OTM.Infrastucture.IOC", "BCMCH.OTM.Infrastucture.IOC\BCMCH.OTM.Infrastucture.IOC.csproj", "{72EACE12-7032-44BB-92ED-A4ADA711DD5D}"
EndProject
Project("{9A19103F-16F7-4668-BE54-9A1E7A4F7556}") = "BCMCH.OTM.API.Shared", "BCMCH.OTM.API.Shared\BCMCH.OTM.API.Shared.csproj", "{E4F7FCA3-9A84-459C-8B6F-860801C47197}"
EndProject
Project("{FAE04EC0-301F-11D3-BF4B-00C04F79EFBC}") = "BCMCH.OTM.External", "BCMCH.OTM.External\BCMCH.OTM.External.csproj", "{548E05FF-5F58-4BE3-AA61-A487E82F8BDB}"
EndProject
Global
	GlobalSection(SolutionConfigurationPlatforms) = preSolution
		Debug|Any CPU = Debug|Any CPU
		Release|Any CPU = Release|Any CPU
	EndGlobalSection
	GlobalSection(ProjectConfigurationPlatforms) = postSolution
		{95CEF789-7C63-4CDF-83CB-03B971D24D61}.Debug|Any CPU.ActiveCfg = Debug|Any CPU
		{95CEF789-7C63-4CDF-83CB-03B971D24D61}.Debug|Any CPU.Build.0 = Debug|Any CPU
		{95CEF789-7C63-4CDF-83CB-03B971D24D61}.Release|Any CPU.ActiveCfg = Release|Any CPU
		{95CEF789-7C63-4CDF-83CB-03B971D24D61}.Release|Any CPU.Build.0 = Release|Any CPU
		{2E8F0792-3C16-4414-B29C-E718DC4BD247}.Debug|Any CPU.ActiveCfg = Debug|Any CPU
		{2E8F0792-3C16-4414-B29C-E718DC4BD247}.Debug|Any CPU.Build.0 = Debug|Any CPU
		{2E8F0792-3C16-4414-B29C-E718DC4BD247}.Release|Any CPU.ActiveCfg = Release|Any CPU
		{2E8F0792-3C16-4414-B29C-E718DC4BD247}.Release|Any CPU.Build.0 = Release|Any CPU
		{B0C1C928-79D2-4D5B-A938-C2BB5F5D4D3B}.Debug|Any CPU.ActiveCfg = Debug|Any CPU
		{B0C1C928-79D2-4D5B-A938-C2BB5F5D4D3B}.Debug|Any CPU.Build.0 = Debug|Any CPU
		{B0C1C928-79D2-4D5B-A938-C2BB5F5D4D3B}.Release|Any CPU.ActiveCfg = Release|Any CPU
		{B0C1C928-79D2-4D5B-A938-C2BB5F5D4D3B}.Release|Any CPU.Build.0 = Release|Any CPU
		{40520C9F-1ACA-4788-98A3-40BEE5C0A36E}.Debug|Any CPU.ActiveCfg = Debug|Any CPU
		{40520C9F-1ACA-4788-98A3-40BEE5C0A36E}.Debug|Any CPU.Build.0 = Debug|Any CPU
		{40520C9F-1ACA-4788-98A3-40BEE5C0A36E}.Release|Any CPU.ActiveCfg = Release|Any CPU
		{40520C9F-1ACA-4788-98A3-40BEE5C0A36E}.Release|Any CPU.Build.0 = Release|Any CPU
		{41061217-6CF3-4E1C-9587-7E01FF51E1EC}.Debug|Any CPU.ActiveCfg = Debug|Any CPU
		{41061217-6CF3-4E1C-9587-7E01FF51E1EC}.Debug|Any CPU.Build.0 = Debug|Any CPU
		{41061217-6CF3-4E1C-9587-7E01FF51E1EC}.Release|Any CPU.ActiveCfg = Release|Any CPU
		{41061217-6CF3-4E1C-9587-7E01FF51E1EC}.Release|Any CPU.Build.0 = Release|Any CPU
		{D63C932F-BB88-4478-9FBB-CF76DF7F37AA}.Debug|Any CPU.ActiveCfg = Debug|Any CPU
		{D63C932F-BB88-4478-9FBB-CF76DF7F37AA}.Debug|Any CPU.Build.0 = Debug|Any CPU
		{D63C932F-BB88-4478-9FBB-CF76DF7F37AA}.Release|Any CPU.ActiveCfg = Release|Any CPU
		{D63C932F-BB88-4478-9FBB-CF76DF7F37AA}.Release|Any CPU.Build.0 = Release|Any CPU
		{72EACE12-7032-44BB-92ED-A4ADA711DD5D}.Debug|Any CPU.ActiveCfg = Debug|Any CPU
		{72EACE12-7032-44BB-92ED-A4ADA711DD5D}.Debug|Any CPU.Build.0 = Debug|Any CPU
		{72EACE12-7032-44BB-92ED-A4ADA711DD5D}.Release|Any CPU.ActiveCfg = Release|Any CPU
		{72EACE12-7032-44BB-92ED-A4ADA711DD5D}.Release|Any CPU.Build.0 = Release|Any CPU
		{E4F7FCA3-9A84-459C-8B6F-860801C47197}.Debug|Any CPU.ActiveCfg = Debug|Any CPU
		{E4F7FCA3-9A84-459C-8B6F-860801C47197}.Debug|Any CPU.Build.0 = Debug|Any CPU
		{E4F7FCA3-9A84-459C-8B6F-860801C47197}.Release|Any CPU.ActiveCfg = Release|Any CPU
		{E4F7FCA3-9A84-459C-8B6F-860801C47197}.Release|Any CPU.Build.0 = Release|Any CPU
		{548E05FF-5F58-4BE3-AA61-A487E82F8BDB}.Debug|Any CPU.ActiveCfg = Debug|Any CPU
		{548E05FF-5F58-4BE3-AA61-A487E82F8BDB}.Debug|Any CPU.Build.0 = Debug|Any CPU
		{548E05FF-5F58-4BE3-AA61-A487E82F8BDB}.Release|Any CPU.ActiveCfg = Release|Any CPU
		{548E05FF-5F58-4BE3-AA61-A487E82F8BDB}.Release|Any CPU.Build.0 = Release|Any CPU
	EndGlobalSection
	GlobalSection(SolutionProperties) = preSolution
		HideSolutionNode = FALSE
	EndGlobalSection
	GlobalSection(NestedProjects) = preSolution
		{95CEF789-7C63-4CDF-83CB-03B971D24D61} = {7A48C3F0-3932-4834-9C5E-6826A92CC473}
		{2E8F0792-3C16-4414-B29C-E718DC4BD247} = {7CB191CD-8AF7-4166-929F-1A5D0EE98072}
		{B0C1C928-79D2-4D5B-A938-C2BB5F5D4D3B} = {7CB191CD-8AF7-4166-929F-1A5D0EE98072}
		{40520C9F-1ACA-4788-98A3-40BEE5C0A36E} = {0A7715A0-2ED1-4DBF-86B1-8846B3F70CA5}
		{41061217-6CF3-4E1C-9587-7E01FF51E1EC} = {0A7715A0-2ED1-4DBF-86B1-8846B3F70CA5}
		{D63C932F-BB88-4478-9FBB-CF76DF7F37AA} = {CA5D4202-FDCF-4D0C-8E02-5A6034983AE4}
		{72EACE12-7032-44BB-92ED-A4ADA711DD5D} = {CA5D4202-FDCF-4D0C-8E02-5A6034983AE4}
		{E4F7FCA3-9A84-459C-8B6F-860801C47197} = {7A48C3F0-3932-4834-9C5E-6826A92CC473}
		{548E05FF-5F58-4BE3-AA61-A487E82F8BDB} = {0A7715A0-2ED1-4DBF-86B1-8846B3F70CA5}
	EndGlobalSection
	GlobalSection(ExtensibilityGlobals) = postSolution
		SolutionGuid = {47958AC4-DE35-4E83-8CCD-4BB0BC299241}
	EndGlobalSection
EndGlobal
